{
    "_readme": [
        "This file locks the dependencies of your project to a known state",
        "Read more about it at https://getcomposer.org/doc/01-basic-usage.md#installing-dependencies",
        "This file is @generated automatically"
    ],
    "content-hash": "179d9b52631accfae99e07102821eb96",
    "packages": [
        {
            "name": "orhanerday/open-ai",
            "version": "4.7.1",
            "source": {
                "type": "git",
                "url": "https://github.com/orhanerday/open-ai.git",
                "reference": "d2d96d0521ef3118cc4f33a5d54718b62aedd336"
            },
            "dist": {
                "type": "zip",
                "url": "https://api.github.com/repos/orhanerday/open-ai/zipball/d2d96d0521ef3118cc4f33a5d54718b62aedd336",
                "reference": "d2d96d0521ef3118cc4f33a5d54718b62aedd336",
                "shasum": ""
            },
            "require": {
                "ext-curl": "*",
                "ext-json": "*",
                "php": ">=7.4"
            },
            "require-dev": {
                "friendsofphp/php-cs-fixer": "^3.0",
                "pestphp/pest": "^1.20",
                "spatie/ray": "^1.28"
            },
            "type": "library",
            "autoload": {
                "psr-4": {
                    "Orhanerday\\OpenAi\\": "src"
                }
            },
            "notification-url": "https://packagist.org/downloads/",
            "license": [
                "MIT"
            ],
            "authors": [
                {
                    "name": "Orhan Erday",
                    "email": "orhanerday@gmail.com",
                    "role": "Developer"
                }
            ],
            "description": "OpenAI GPT-3 Api Client in PHP",
            "homepage": "https://github.com/orhanerday/open-ai",
            "keywords": [
                "open-ai",
                "orhanerday"
            ],
            "support": {
                "issues": "https://github.com/orhanerday/open-ai/issues",
                "source": "https://github.com/orhanerday/open-ai/tree/4.7.1"
            },
            "funding": [
                {
                    "url": "https://github.com/orhanerday",
                    "type": "github"
                }
            ],
            "time": "2023-03-08T08:04:02+00:00"
        },
        {
            "name": "rybakit/msgpack",
            "version": "v0.7.2",
            "source": {
                "type": "git",
                "url": "https://github.com/rybakit/msgpack.php.git",
                "reference": "f3ad27e3e7eba2204e022ec175a981e6ccb97548"
            },
            "dist": {
                "type": "zip",
                "url": "https://api.github.com/repos/rybakit/msgpack.php/zipball/f3ad27e3e7eba2204e022ec175a981e6ccb97548",
                "reference": "f3ad27e3e7eba2204e022ec175a981e6ccb97548",
                "shasum": ""
            },
            "require": {
                "php": "^7.1.1|^8"
            },
            "require-dev": {
                "ext-gmp": "*",
                "friendsofphp/php-cs-fixer": "^2.14",
                "phpunit/phpunit": "^7.1|^8|^9"
            },
            "suggest": {
                "ext-decimal": "For converting overflowed integers to Decimal objects",
                "ext-gmp": "For converting overflowed integers to GMP objects"
            },
            "type": "library",
            "autoload": {
                "psr-4": {
                    "MessagePack\\": "src/"
                }
            },
            "notification-url": "https://packagist.org/downloads/",
            "license": [
                "MIT"
            ],
            "authors": [
                {
                    "name": "Eugene Leonovich",
                    "email": "gen.work@gmail.com"
                }
            ],
            "description": "A pure PHP implementation of the MessagePack serialization format.",
            "keywords": [
                "messagepack",
                "msgpack",
                "pure",
                "streaming"
            ],
            "support": {
                "issues": "https://github.com/rybakit/msgpack.php/issues",
                "source": "https://github.com/rybakit/msgpack.php/tree/v0.7.2"
            },
            "funding": [
                {
                    "url": "https://github.com/rybakit",
                    "type": "github"
                }
            ],
            "time": "2020-12-18T21:14:07+00:00"
        },
        {
            "name": "vkcom/kphp-polyfills",
            "version": "v1.0.25",
            "source": {
                "type": "git",
                "url": "https://github.com/VKCOM/kphp-polyfills.git",
                "reference": "571cc4d305ff0d413e7e8114a41642366543a9a6"
            },
            "dist": {
                "type": "zip",
                "url": "https://api.github.com/repos/VKCOM/kphp-polyfills/zipball/571cc4d305ff0d413e7e8114a41642366543a9a6",
                "reference": "571cc4d305ff0d413e7e8114a41642366543a9a6",
                "shasum": ""
            },
            "require": {
                "rybakit/msgpack": "^0.7.0"
            },
            "type": "library",
            "autoload": {
                "psr-4": {
                    "KPHP\\": "src/"
                },
                "files": [
                    "kphp_polyfills.php"
                ]
            },
            "license": [
                "GPL-3.0-or-later"
            ],
            "description": "PHP implementations of functions supported by KPHP natively",
            "support": {
                "source": "https://github.com/VKCOM/kphp-polyfills/tree/v1.0.25",
                "issues": "https://github.com/VKCOM/kphp-polyfills/issues"
            },
            "time": "2022-08-16T11:21:49+00:00"
        }
    ],
    "packages-dev": [
        {
            "name": "vkcom/noverify",
            "version": "v0.5.3",
            "source": {
                "type": "git",
                "url": "https://github.com/VKCOM/noverify.git",
                "reference": "4f51f91b339e205692c658914f284278dd03b2d8"
            },
            "dist": {
                "type": "zip",
                "url": "https://api.github.com/repos/VKCOM/noverify/zipball/4f51f91b339e205692c658914f284278dd03b2d8",
                "reference": "4f51f91b339e205692c658914f284278dd03b2d8",
                "shasum": ""
            },
            "require": {
                "ext-zip": "*",
                "php": ">=7.1"
            },
            "bin": [
                "src/cmd/composer-get/bin/noverify-get"
            ],
            "type": "library",
            "autoload": {
                "psr-4": {
                    "NoVerify\\": "src/cmd/composer-get/src"
                }
            },
            "notification-url": "https://packagist.org/downloads/",
            "license": [
                "MIT"
            ],
            "authors": [
                {
                    "name": "Yuriy Nasretdinov",
                    "email": "nasretdinov@gmail.com"
                },
                {
                    "name": "Iskander Sharipov",
                    "email": "quasilyte@gmail.com"
                },
                {
                    "name": "Petr Makhnev",
                    "email": "mr.makhneff@gmail.com"
                }
            ],
            "description": "Pretty fast linter (code static analysis utility) for PHP",
            "homepage": "https://github.com/VKCOM/noverify",
            "support": {
                "issues": "https://github.com/VKCOM/noverify/issues",
                "source": "https://github.com/VKCOM/noverify/tree/v0.5.3"
            },
            "time": "2022-06-23T10:22:02+00:00"
        }
    ],
    "aliases": [],
    "minimum-stability": "stable",
    "stability-flags": [],
    "prefer-stable": false,
    "prefer-lowest": false,
    "platform": {
        "ext-mbstring": "*",
        "ext-iconv": "*",
        "ext-curl": "*",
        "ext-json": "*"
    },
    "platform-dev": [],
    "plugin-api-version": "2.3.0"
}
